# generated by rye
# use `rye lock` or `rye sync` to update this lockfile
#
# last locked with the following flags:
#   pre: false
#   features: []
#   all-features: false
#   with-sources: false
#   generate-hashes: false
#   universal: false

-e file:.
annotated-types==0.7.0
    # via pydantic
anyio==4.7.0
    # via starlette
certifi==2024.12.14
    # via requests
charset-normalizer==3.4.1
    # via requests
click==8.1.7
    # via uvicorn
colorama==0.4.6
    # via click
    # via tqdm
contourpy==1.3.1
    # via matplotlib
cycler==0.12.1
    # via matplotlib
fastapi==0.115.6
    # via python
filelock==3.16.1
    # via torch
fonttools==4.55.3
    # via matplotlib
fsspec==2024.12.0
    # via torch
h11==0.14.0
    # via uvicorn
idna==3.10
    # via anyio
    # via requests
jinja2==3.1.5
    # via torch
kiwisolver==1.4.8
    # via matplotlib
lap==0.5.12
    # via python
markupsafe==3.0.2
    # via jinja2
matplotlib==3.10.0
    # via seaborn
    # via ultralytics
mpmath==1.3.0
    # via sympy
networkx==3.4.2
    # via torch
numpy==2.2.0
    # via contourpy
    # via lap
    # via matplotlib
    # via opencv-python
    # via pandas
    # via python
    # via scipy
    # via seaborn
    # via torchvision
    # via ultralytics
    # via ultralytics-thop
opencv-python==4.10.0.84
    # via python
    # via ultralytics
packaging==24.2
    # via matplotlib
pandas==2.2.3
    # via seaborn
    # via ultralytics
pillow==11.1.0
    # via matplotlib
    # via torchvision
    # via ultralytics
psutil==6.1.1
    # via ultralytics
py-cpuinfo==9.0.0
    # via ultralytics
pydantic==2.10.3
    # via fastapi
pydantic-core==2.27.1
    # via pydantic
pyparsing==3.2.1
    # via matplotlib
python-dateutil==2.9.0.post0
    # via matplotlib
    # via pandas
python-multipart==0.0.20
    # via python
pytz==2024.2
    # via pandas
pyyaml==6.0.2
    # via ultralytics
requests==2.32.3
    # via ultralytics
scipy==1.15.1
    # via python
    # via ultralytics
seaborn==0.13.2
    # via ultralytics
six==1.17.0
    # via python-dateutil
sniffio==1.3.1
    # via anyio
starlette==0.41.3
    # via fastapi
sympy==1.13.1
    # via torch
torch==2.5.1
    # via torchvision
    # via ultralytics
    # via ultralytics-thop
torchvision==0.20.1
    # via ultralytics
tqdm==4.67.1
    # via ultralytics
typing-extensions==4.12.2
    # via anyio
    # via fastapi
    # via pydantic
    # via pydantic-core
    # via torch
tzdata==2024.2
    # via pandas
ultralytics==8.3.63
    # via python
ultralytics-thop==2.0.14
    # via ultralytics
urllib3==2.3.0
    # via requests
uvicorn==0.32.1
    # via python
websockets==14.1
    # via python
